
Microsoft Visual Studio Solution File, Format Version 12.00
# Visual Studio Version 16
VisualStudioVersion = 16.0.31515.178
MinimumVisualStudioVersion = 10.0.40219.1
Project("{8BC9CEB8-8B4A-11D0-8D11-00A0C91BC942}") = "PlatformDetection", "PlatformDetection\PlatformDetection.vcxproj", "{D7D69D91-8218-4A9A-9D5A-F7288B003C5E}"
EndProject
Global
	GlobalSection(SolutionConfigurationPlatforms) = preSolution
		Debug|Win32 = Debug|Win32
		Debug|x64 = Debug|x64
		Release|Win32 = Release|Win32
		Release|x64 = Release|x64
	EndGlobalSection
	GlobalSection(ProjectConfigurationPlatforms) = postSolution
		{D7D69D91-8218-4A9A-9D5A-F7288B003C5E}.Debug|Win32.ActiveCfg = Debug|Win32
		{D7D69D91-8218-4A9A-9D5A-F7288B003C5E}.Debug|Win32.Build.0 = Debug|Win32
		{D7D69D91-8218-4A9A-9D5A-F7288B003C5E}.Debug|x64.ActiveCfg = Debug|x64
		{D7D69D91-8218-4A9A-9D5A-F7288B003C5E}.Debug|x64.Build.0 = Debug|x64
		{D7D69D91-8218-4A9A-9D5A-F7288B003C5E}.Release|Win32.ActiveCfg = Release|Win32
		{D7D69D91-8218-4A9A-9D5A-F7288B003C5E}.Release|Win32.Build.0 = Release|Win32
		{D7D69D91-8218-4A9A-9D5A-F7288B003C5E}.Release|x64.ActiveCfg = Release|x64
		{D7D69D91-8218-4A9A-9D5A-F7288B003C5E}.Release|x64.Build.0 = Release|x64
	EndGlobalSection
	GlobalSection(SolutionProperties) = preSolution
		HideSolutionNode = FALSE
	EndGlobalSection
	GlobalSection(ExtensibilityGlobals) = postSolution
		SolutionGuid = {65B0E2D0-9834-4326-A9F7-8030813C155B}
	EndGlobalSection
EndGlobal
